# THIS IS AN AUTOGENERATED FILE. DO NOT EDIT THIS FILE DIRECTLY.
# yarn lockfile v1


"@types/node@^7.0.27":
  version "7.0.27"
  resolved "http://registry.npm.taobao.org/@types/node/download/@types/node-7.0.27.tgz#ba5e1a87aca2b4f5817289615ffe56472927687e"

echarts@^3.6.1:
  version "3.6.1"
  resolved "http://registry.npm.taobao.org/echarts/download/echarts-3.6.1.tgz#6cb31173c6ac05ba713a613cdf4dd72145e0ab6f"
  dependencies:
    zrender "^3.5.1"

zrender@^3.5.1:
  version "3.5.1"
  resolved "http://registry.npm.taobao.org/zrender/download/zrender-3.5.1.tgz#70494096f017684c714ddd8bfa24cda6feecec34"
